{
    "name": "plop-logger-example",
    "version": "3.1.0",
    "lockfileVersion": 1,
    "requires": true,
    "dependencies": {
        "ansi-colors": {
            "version": "4.1.1",
            "resolved": "https://registry.npmjs.org/ansi-colors/-/ansi-colors-4.1.1.tgz",
            "integrity": "sha512-JoX0apGbHaUJBNl6yF+p6JAFYZ666/hhCGKN5t9QFjbJQKUU/g8MNbFDbvfrgKXvI1QpZplPOnwIo99lX/AAmA=="
        },
        "plop-logger": {
            "version": "3.1.0",
            "resolved": "https://registry.npmjs.org/plop-logger/-/plop-logger-3.1.0.tgz",
            "integrity": "sha512-vHCjb0cxZtvIcZF9HR1KL78kYjsOZI3vY0k/CBk2y4uvrkJrMWnVd4U3CXZTaZ8Ujo0L75tuxNAagTzJlBQang==",
            "requires": {
                "ansi-colors": "^4.1.1"
            }
        }
    }
}
